
Microsoft Visual Studio Solution File, Format Version 12.00
# Visual Studio Version 17
VisualStudioVersion = 17.14.36915.13 d17.14
MinimumVisualStudioVersion = 10.0.40219.1
Project("{FAE04EC0-301F-11D3-BF4B-00C04F79EFBC}") = "HelloWorld", "HelloWorld\HelloWorld.csproj", "{EA0B35C4-AD07-48EB-B82F-AF844DFB0701}"
EndProject
Project("{FAE04EC0-301F-11D3-BF4B-00C04F79EFBC}") = "OOInvestigation", "OOInvestigation\OOInvestigation.csproj", "{4983E2FE-8CF2-4493-BF75-372C5AEA4B03}"
EndProject
Project("{FAE04EC0-301F-11D3-BF4B-00C04F79EFBC}") = "StringInvestigation", "StringInvestigation\StringInvestigation.csproj", "{ADF0D4C8-99A6-4CDC-B12B-CBE060FACFDD}"
EndProject
Project("{FAE04EC0-301F-11D3-BF4B-00C04F79EFBC}") = "PlayingCardExample", "PlayingCardExample\PlayingCardExample.csproj", "{6084AB1B-3117-4F79-B00E-EF742098D211}"
EndProject
Project("{FAE04EC0-301F-11D3-BF4B-00C04F79EFBC}") = "InheritanceInvestigation", "InheritanceInvestigation\InheritanceInvestigation.csproj", "{3DA1438F-78FD-4204-A453-15A055366326}"
EndProject
Project("{FAE04EC0-301F-11D3-BF4B-00C04F79EFBC}") = "ExceptionInvestigation", "ExceptionInvestigation\ExceptionInvestigation.csproj", "{16A06608-6CEC-46C2-B351-94B3592A357B}"
EndProject
Project("{FAE04EC0-301F-11D3-BF4B-00C04F79EFBC}") = "DatabaseIntroduction", "DatabaseIntroduction\DatabaseIntroduction.csproj", "{21F2F3FB-93C7-4738-8E3B-831D16B7ACFE}"
EndProject
Project("{FAE04EC0-301F-11D3-BF4B-00C04F79EFBC}") = "UserDao", "UserDao\UserDao.csproj", "{179871AC-F520-4A34-9205-AC149D8B3A58}"
EndProject
Project("{D954291E-2A0B-460D-934E-DC6B0785DB48}") = "UserDaoSharedProject", "UserDaoSharedProject\UserDaoSharedProject.shproj", "{3BEB4369-9AA9-472B-AF18-AD34C5DDA2C2}"
EndProject
Project("{FAE04EC0-301F-11D3-BF4B-00C04F79EFBC}") = "StaticInvestigation", "StaticInvestigation\StaticInvestigation.csproj", "{8598F467-081B-4525-960D-62A88FB43F04}"
EndProject
Project("{FAE04EC0-301F-11D3-BF4B-00C04F79EFBC}") = "DelegateInvestigation", "DelegateInvestigation\DelegateInvestigation.csproj", "{A32F77AD-2D7F-413D-9CCD-6BB07191DBBA}"
EndProject
Project("{FAE04EC0-301F-11D3-BF4B-00C04F79EFBC}") = "WindowsFormsInvestigation", "WindowsFormsInvestigation\WindowsFormsInvestigation.csproj", "{44AF447E-B439-4992-800A-450F83097891}"
EndProject
Global
	GlobalSection(SolutionConfigurationPlatforms) = preSolution
		Debug|Any CPU = Debug|Any CPU
		Release|Any CPU = Release|Any CPU
	EndGlobalSection
	GlobalSection(ProjectConfigurationPlatforms) = postSolution
		{EA0B35C4-AD07-48EB-B82F-AF844DFB0701}.Debug|Any CPU.ActiveCfg = Debug|Any CPU
		{EA0B35C4-AD07-48EB-B82F-AF844DFB0701}.Debug|Any CPU.Build.0 = Debug|Any CPU
		{EA0B35C4-AD07-48EB-B82F-AF844DFB0701}.Release|Any CPU.ActiveCfg = Release|Any CPU
		{EA0B35C4-AD07-48EB-B82F-AF844DFB0701}.Release|Any CPU.Build.0 = Release|Any CPU
		{4983E2FE-8CF2-4493-BF75-372C5AEA4B03}.Debug|Any CPU.ActiveCfg = Debug|Any CPU
		{4983E2FE-8CF2-4493-BF75-372C5AEA4B03}.Debug|Any CPU.Build.0 = Debug|Any CPU
		{4983E2FE-8CF2-4493-BF75-372C5AEA4B03}.Release|Any CPU.ActiveCfg = Release|Any CPU
		{4983E2FE-8CF2-4493-BF75-372C5AEA4B03}.Release|Any CPU.Build.0 = Release|Any CPU
		{ADF0D4C8-99A6-4CDC-B12B-CBE060FACFDD}.Debug|Any CPU.ActiveCfg = Debug|Any CPU
		{ADF0D4C8-99A6-4CDC-B12B-CBE060FACFDD}.Debug|Any CPU.Build.0 = Debug|Any CPU
		{ADF0D4C8-99A6-4CDC-B12B-CBE060FACFDD}.Release|Any CPU.ActiveCfg = Release|Any CPU
		{ADF0D4C8-99A6-4CDC-B12B-CBE060FACFDD}.Release|Any CPU.Build.0 = Release|Any CPU
		{6084AB1B-3117-4F79-B00E-EF742098D211}.Debug|Any CPU.ActiveCfg = Debug|Any CPU
		{6084AB1B-3117-4F79-B00E-EF742098D211}.Debug|Any CPU.Build.0 = Debug|Any CPU
		{6084AB1B-3117-4F79-B00E-EF742098D211}.Release|Any CPU.ActiveCfg = Release|Any CPU
		{6084AB1B-3117-4F79-B00E-EF742098D211}.Release|Any CPU.Build.0 = Release|Any CPU
		{3DA1438F-78FD-4204-A453-15A055366326}.Debug|Any CPU.ActiveCfg = Debug|Any CPU
		{3DA1438F-78FD-4204-A453-15A055366326}.Debug|Any CPU.Build.0 = Debug|Any CPU
		{3DA1438F-78FD-4204-A453-15A055366326}.Release|Any CPU.ActiveCfg = Release|Any CPU
		{3DA1438F-78FD-4204-A453-15A055366326}.Release|Any CPU.Build.0 = Release|Any CPU
		{16A06608-6CEC-46C2-B351-94B3592A357B}.Debug|Any CPU.ActiveCfg = Debug|Any CPU
		{16A06608-6CEC-46C2-B351-94B3592A357B}.Debug|Any CPU.Build.0 = Debug|Any CPU
		{16A06608-6CEC-46C2-B351-94B3592A357B}.Release|Any CPU.ActiveCfg = Release|Any CPU
		{16A06608-6CEC-46C2-B351-94B3592A357B}.Release|Any CPU.Build.0 = Release|Any CPU
		{21F2F3FB-93C7-4738-8E3B-831D16B7ACFE}.Debug|Any CPU.ActiveCfg = Debug|Any CPU
		{21F2F3FB-93C7-4738-8E3B-831D16B7ACFE}.Debug|Any CPU.Build.0 = Debug|Any CPU
		{21F2F3FB-93C7-4738-8E3B-831D16B7ACFE}.Release|Any CPU.ActiveCfg = Release|Any CPU
		{21F2F3FB-93C7-4738-8E3B-831D16B7ACFE}.Release|Any CPU.Build.0 = Release|Any CPU
		{179871AC-F520-4A34-9205-AC149D8B3A58}.Debug|Any CPU.ActiveCfg = Debug|Any CPU
		{179871AC-F520-4A34-9205-AC149D8B3A58}.Debug|Any CPU.Build.0 = Debug|Any CPU
		{179871AC-F520-4A34-9205-AC149D8B3A58}.Release|Any CPU.ActiveCfg = Release|Any CPU
		{179871AC-F520-4A34-9205-AC149D8B3A58}.Release|Any CPU.Build.0 = Release|Any CPU
		{8598F467-081B-4525-960D-62A88FB43F04}.Debug|Any CPU.ActiveCfg = Debug|Any CPU
		{8598F467-081B-4525-960D-62A88FB43F04}.Debug|Any CPU.Build.0 = Debug|Any CPU
		{8598F467-081B-4525-960D-62A88FB43F04}.Release|Any CPU.ActiveCfg = Release|Any CPU
		{8598F467-081B-4525-960D-62A88FB43F04}.Release|Any CPU.Build.0 = Release|Any CPU
		{A32F77AD-2D7F-413D-9CCD-6BB07191DBBA}.Debug|Any CPU.ActiveCfg = Debug|Any CPU
		{A32F77AD-2D7F-413D-9CCD-6BB07191DBBA}.Debug|Any CPU.Build.0 = Debug|Any CPU
		{A32F77AD-2D7F-413D-9CCD-6BB07191DBBA}.Release|Any CPU.ActiveCfg = Release|Any CPU
		{A32F77AD-2D7F-413D-9CCD-6BB07191DBBA}.Release|Any CPU.Build.0 = Release|Any CPU
		{44AF447E-B439-4992-800A-450F83097891}.Debug|Any CPU.ActiveCfg = Debug|Any CPU
		{44AF447E-B439-4992-800A-450F83097891}.Debug|Any CPU.Build.0 = Debug|Any CPU
		{44AF447E-B439-4992-800A-450F83097891}.Release|Any CPU.ActiveCfg = Release|Any CPU
		{44AF447E-B439-4992-800A-450F83097891}.Release|Any CPU.Build.0 = Release|Any CPU
	EndGlobalSection
	GlobalSection(SolutionProperties) = preSolution
		HideSolutionNode = FALSE
	EndGlobalSection
	GlobalSection(ExtensibilityGlobals) = postSolution
		SolutionGuid = {BD3D4F3B-0B41-491A-8A7B-35185EEAE3BF}
	EndGlobalSection
	GlobalSection(SharedMSBuildProjectFiles) = preSolution
		UserDaoSharedProject\UserDaoSharedProject.projitems*{179871ac-f520-4a34-9205-ac149d8b3a58}*SharedItemsImports = 5
		UserDaoSharedProject\UserDaoSharedProject.projitems*{3beb4369-9aa9-472b-af18-ad34c5dda2c2}*SharedItemsImports = 13
		UserDaoSharedProject\UserDaoSharedProject.projitems*{44af447e-b439-4992-800a-450f83097891}*SharedItemsImports = 5
		UserDaoSharedProject\UserDaoSharedProject.projitems*{a32f77ad-2d7f-413d-9ccd-6bb07191dbba}*SharedItemsImports = 5
	EndGlobalSection
EndGlobal
